/* Program Title: Calculate Letter Grade, 2-1
 * Author: Ben Stearns
 * August 29, 2023
 * Description: This calculates a letter grade based on a numerical grade
 * Usage / Known Issues: none 
*/

namespace CalculateLetterGrade_2_1BDS
{
    public partial class frmCalculateLetterGrade : Form
    {
        public frmCalculateLetterGrade()
        {
            InitializeComponent();
        }
        //Create variable for number grade in decimal format
        private void btnCalculate_Click(object sender, EventArgs e)
        {
            decimal numbergrade = Convert.ToDecimal(txtNumberGrade.Text);

            //Create variable for letter grade

            string letterGrade = "";

            if (numbergrade >= 88)
            {
                letterGrade = "A";

            }
            else if (numbergrade >= 80 && numbergrade <= 87)
            {
                letterGrade = "B";
            }
            else if (numbergrade >= 68 && numbergrade <= 79)
            {
                letterGrade = "C";
            }
            else if (numbergrade >= 60 && numbergrade <= 67)
            {
                letterGrade = "D";
            }
            else
            {
                letterGrade = "F";
            }
            //Output letter grade variable to Letter Grade Textbox
            txtLetterGrade.Text = letterGrade;

            //Set Focus Back to Number Grade textbox after running calculation
            txtNumberGrade.Focus();
        }

        private void btnExit_Click(object sender, EventArgs e)
        {
            this.Close();   
        }
    }
}
